// !$*UTF8*$!
{
	archiveVersion = 1;
	classes = {
	};
	objectVersion = 46;
	objects = {

/* Begin PBXBuildFile section */
		BB1C257F1DC0EA6D0028DB09 /* main.m in Sources */ = {isa = PBXBuildFile; fileRef = BB1C257E1DC0EA6D0028DB09 /* main.m */; };
		BB1C25821DC0EA6D0028DB09 /* AppDelegate.m in Sources */ = {isa = PBXBuildFile; fileRef = BB1C25811DC0EA6D0028DB09 /* AppDelegate.m */; };
		BB1C25851DC0EA6D0028DB09 /* ViewController.m in Sources */ = {isa = PBXBuildFile; fileRef = BB1C25841DC0EA6D0028DB09 /* ViewController.m */; };
		BB1C25881DC0EA6D0028DB09 /* Main.storyboard in Resources */ = {isa = PBXBuildFile; fileRef = BB1C25861DC0EA6D0028DB09 /* Main.storyboard */; };
		BB1C258A1DC0EA6D0028DB09 /* Assets.xcassets in Resources */ = {isa = PBXBuildFile; fileRef = BB1C25891DC0EA6D0028DB09 /* Assets.xcassets */; };
		BB1C258D1DC0EA6D0028DB09 /* LaunchScreen.storyboard in Resources */ = {isa = PBXBuildFile; fileRef = BB1C258B1DC0EA6D0028DB09 /* LaunchScreen.storyboard */; };
		BB1C25991DC0EAF10028DB09 /* Tools.m in Sources */ = {isa = PBXBuildFile; fileRef = BB1C25981DC0EAF10028DB09 /* Tools.m */; };
/* End PBXBuildFile section */

/* Begin PBXFileReference section */
		BB1C257A1DC0EA6D0028DB09 /* Tools.app */ = {isa = PBXFileReference; explicitFileType = wrapper.application; includeInIndex = 0; path = Tools.app; sourceTree = BUILT_PRODUCTS_DIR; };
		BB1C257E1DC0EA6D0028DB09 /* main.m */ = {isa = PBXFileReference; lastKnownFileType = sourcecode.c.objc; path = main.m; sourceTree = "<group>"; };
		BB1C25801DC0EA6D0028DB09 /* AppDelegate.h */ = {isa = PBXFileReference; lastKnownFileType = sourcecode.c.h; path = AppDelegate.h; sourceTree = "<group>"; };
		BB1C25811DC0EA6D0028DB09 /* AppDelegate.m */ = {isa = PBXFileReference; lastKnownFileType = sourcecode.c.objc; path = AppDelegate.m; sourceTree = "<group>"; };
		BB1C25831DC0EA6D0028DB09 /* ViewController.h */ = {isa = PBXFileReference; lastKnownFileType = sourcecode.c.h; path = ViewController.h; sourceTree = "<group>"; };
		BB1C25841DC0EA6D0028DB09 /* ViewController.m */ = {isa = PBXFileReference; lastKnownFileType = sourcecode.c.objc; path = ViewController.m; sourceTree = "<group>"; };
		BB1C25871DC0EA6D0028DB09 /* Base */ = {isa = PBXFileReference; lastKnownFileType = file.storyboard; name = Base; path = Base.lproj/Main.storyboard; sourceTree = "<group>"; };
		BB1C25891DC0EA6D0028DB09 /* Assets.xcassets */ = {isa = PBXFileReference; lastKnownFileType = folder.assetcatalog; path = Assets.xcassets; sourceTree = "<group>"; };
		BB1C258C1DC0EA6D0028DB09 /* Base */ = {isa = PBXFileReference; lastKnownFileType = file.storyboard; name = Base; path = Base.lproj/LaunchScreen.storyboard; sourceTree = "<group>"; };
		BB1C258E1DC0EA6D0028DB09 /* Info.plist */ = {isa = PBXFileReference; lastKnownFileType = text.plist.xml; path = Info.plist; sourceTree = "<group>"; };
		BB1C25971DC0EAF10028DB09 /* Tools.h */ = {isa = PBXFileReference; fileEncoding = 4; lastKnownFileType = sourcecode.c.h; path = Tools.h; sourceTree = "<group>"; };
		BB1C25981DC0EAF10028DB09 /* Tools.m */ = {isa = PBXFileReference; fileEncoding = 4; lastKnownFileType = sourcecode.c.objc; path = Tools.m; sourceTree = "<group>"; };
/* End PBXFileReference section */

/* Begin PBXFrameworksBuildPhase section */
		BB1C25771DC0EA6D0028DB09 /* Frameworks */ = {
			isa = PBXFrameworksBuildPhase;
			buildActionMask = 2147483647;
			files = (
			);
			runOnlyForDeploymentPostprocessing = 0;
		};
/* End PBXFrameworksBuildPhase section */

/* Begin PBXGroup section */
		BB1C25711DC0EA6D0028DB09 = {
			isa = PBXGroup;
			children = (
				BB1C257C1DC0EA6D0028DB09 /* Tools */,
				BB1C257B1DC0EA6D0028DB09 /* Products */,
			);
			sourceTree = "<group>";
		};
		BB1C257B1DC0EA6D0028DB09 /* Products */ = {
			isa = PBXGroup;
			children = (
				BB1C257A1DC0EA6D0028DB09 /* Tools.app */,
			);
			name = Products;
			sourceTree = "<group>";
		};
		BB1C257C1DC0EA6D0028DB09 /* Tools */ = {
			isa = PBXGroup;
			children = (
				BB1C25801DC0EA6D0028DB09 /* AppDelegate.h */,
				BB1C25811DC0EA6D0028DB09 /* AppDelegate.m */,
				BB1C25831DC0EA6D0028DB09 /* ViewController.h */,
				BB1C25841DC0EA6D0028DB09 /* ViewController.m */,
				BB1C25971DC0EAF10028DB09 /* Tools.h */,
				BB1C25981DC0EAF10028DB09 /* Tools.m */,
				BB1C25861DC0EA6D0028DB09 /* Main.storyboard */,
				BB1C25891DC0EA6D0028DB09 /* Assets.xcassets */,
				BB1C258B1DC0EA6D0028DB09 /* LaunchScreen.storyboard */,
				BB1C258E1DC0EA6D0028DB09 /* Info.plist */,
				BB1C257D1DC0EA6D0028DB09 /* Supporting Files */,
			);
			path = Tools;
			sourceTree = "<group>";
		};
		BB1C257D1DC0EA6D0028DB09 /* Supporting Files */ = {
			isa = PBXGroup;
			children = (
				BB1C257E1DC0EA6D0028DB09 /* main.m */,
			);
			name = "Supporting Files";
			sourceTree = "<group>";
		};
/* End PBXGroup section */

/* Begin PBXNativeTarget section */
		BB1C25791DC0EA6D0028DB09 /* Tools */ = {
			isa = PBXNativeTarget;
			buildConfigurationList = BB1C25911DC0EA6D0028DB09 /* Build configuration list for PBXNativeTarget "Tools" */;
			buildPhases = (
				BB1C25761DC0EA6D0028DB09 /* Sources */,
				BB1C25771DC0EA6D0028DB09 /* Frameworks */,
				BB1C25781DC0EA6D0028DB09 /* Resources */,
			);
			buildRules = (
			);
			dependencies = (
			);
			name = Tools;
			productName = Tools;
			productReference = BB1C257A1DC0EA6D0028DB09 /* Tools.app */;
			productType = "com.apple.product-type.application";
		};
/* End PBXNativeTarget section */

/* Begin PBXProject section */
		BB1C25721DC0EA6D0028DB09 /* Project object */ = {
			isa = PBXProject;
			attributes = {
				LastUpgradeCheck = 0720;
				ORGANIZATIONNAME = "纪高飞";
				TargetAttributes = {
					BB1C25791DC0EA6D0028DB09 = {
						CreatedOnToolsVersion = 7.2.1;
					};
				};
			};
			buildConfigurationList = BB1C25751DC0EA6D0028DB09 /* Build configuration list for PBXProject "Tools" */;
			compatibilityVersion = "Xcode 3.2";
			developmentRegion = English;
			hasScannedForEncodings = 0;
			knownRegions = (
				en,
				Base,
			);
			mainGroup = BB1C25711DC0EA6D0028DB09;
			productRefGroup = BB1C257B1DC0EA6D0028DB09 /* Products */;
			projectDirPath = "";
			projectRoot = "";
			targets = (
				BB1C25791DC0EA6D0028DB09 /* Tools */,
			);
		};
/* End PBXProject section */

/* Begin PBXResourcesBuildPhase section */
		BB1C25781DC0EA6D0028DB09 /* Resources */ = {
			isa = PBXResourcesBuildPhase;
			buildActionMask = 2147483647;
			files = (
				BB1C258D1DC0EA6D0028DB09 /* LaunchScreen.storyboard in Resources */,
				BB1C258A1DC0EA6D0028DB09 /* Assets.xcassets in Resources */,
				BB1C25881DC0EA6D0028DB09 /* Main.storyboard in Resources */,
			);
			runOnlyForDeploymentPostprocessing = 0;
		};
/* End PBXResourcesBuildPhase section */

/* Begin PBXSourcesBuildPhase section */
		BB1C25761DC0EA6D0028DB09 /* Sources */ = {
			isa = PBXSourcesBuildPhase;
			buildActionMask = 2147483647;
			files = (
				BB1C25851DC0EA6D0028DB09 /* ViewController.m in Sources */,
				BB1C25821DC0EA6D0028DB09 /* AppDelegate.m in Sources */,
				BB1C257F1DC0EA6D0028DB09 /* main.m in Sources */,
				BB1C25991DC0EAF10028DB09 /* Tools.m in Sources */,
			);
			runOnlyForDeploymentPostprocessing = 0;
		};
/* End PBXSourcesBuildPhase section */

/* Begin PBXVariantGroup section */
		BB1C25861DC0EA6D0028DB09 /* Main.storyboard */ = {
			isa = PBXVariantGroup;
			children = (
				BB1C25871DC0EA6D0028DB09 /* Base */,
			);
			name = Main.storyboard;
			sourceTree = "<group>";
		};
		BB1C258B1DC0EA6D0028DB09 /* LaunchScreen.storyboard */ = {
			isa = PBXVariantGroup;
			children = (
				BB1C258C1DC0EA6D0028DB09 /* Base */,
			);
			name = LaunchScreen.storyboard;
			sourceTree = "<group>";
		};
/* End PBXVariantGroup section */

/* Begin XCBuildConfiguration section */
		BB1C258F1DC0EA6D0028DB09 /* Debug */ = {
			isa = XCBuildConfiguration;
			buildSettings = {
				ALWAYS_SEARCH_USER_PATHS = NO;
				CLANG_CXX_LANGUAGE_STANDARD = "gnu++0x";
				CLANG_CXX_LIBRARY = "libc++";
				CLANG_ENABLE_MODULES = YES;
				CLANG_ENABLE_OBJC_ARC = YES;
				CLANG_WARN_BOOL_CONVERSION = YES;
				CLANG_WARN_CONSTANT_CONVERSION = YES;
				CLANG_WARN_DIRECT_OBJC_ISA_USAGE = YES_ERROR;
				CLANG_WARN_EMPTY_BODY = YES;
				CLANG_WARN_ENUM_CONVERSION = YES;
				CLANG_WARN_INT_CONVERSION = YES;
				CLANG_WARN_OBJC_ROOT_CLASS = YES_ERROR;
				CLANG_WARN_UNREACHABLE_CODE = YES;
				CLANG_WARN__DUPLICATE_METHOD_MATCH = YES;
				"CODE_SIGN_IDENTITY[sdk=iphoneos*]" = "iPhone Developer";
				COPY_PHASE_STRIP = NO;
				DEBUG_INFORMATION_FORMAT = dwarf;
				ENABLE_STRICT_OBJC_MSGSEND = YES;
				ENABLE_TESTABILITY = YES;
				GCC_C_LANGUAGE_STANDARD = gnu99;
				GCC_DYNAMIC_NO_PIC = NO;
				GCC_NO_COMMON_BLOCKS = YES;
				GCC_OPTIMIZATION_LEVEL = 0;
				GCC_PREPROCESSOR_DEFINITIONS = (
					"DEBUG=1",
					"$(inherited)",
				);
				GCC_WARN_64_TO_32_BIT_CONVERSION = YES;
				GCC_WARN_ABOUT_RETURN_TYPE = YES_ERROR;
				GCC_WARN_UNDECLARED_SELECTOR = YES;
				GCC_WARN_UNINITIALIZED_AUTOS = YES_AGGRESSIVE;
				GCC_WARN_UNUSED_FUNCTION = YES;
				GCC_WARN_UNUSED_VARIABLE = YES;
				IPHONEOS_DEPLOYMENT_TARGET = 9.2;
				MTL_ENABLE_DEBUG_INFO = YES;
				ONLY_ACTIVE_ARCH = YES;
				SDKROOT = iphoneos;
				TARGETED_DEVICE_FAMILY = "1,2";
			};
			name = Debug;
		};
		BB1C25901DC0EA6D0028DB09 /* Release */ = {
			isa = XCBuildConfiguration;
			buildSettings = {
				ALWAYS_SEARCH_USER_PATHS = NO;
				CLANG_CXX_LANGUAGE_STANDARD = "gnu++0x";
				CLANG_CXX_LIBRARY = "libc++";
				CLANG_ENABLE_MODULES = YES;
				CLANG_ENABLE_OBJC_ARC = YES;
				CLANG_WARN_BOOL_CONVERSION = YES;
				CLANG_WARN_CONSTANT_CONVERSION = YES;
				CLANG_WARN_DIRECT_OBJC_ISA_USAGE = YES_ERROR;
				CLANG_WARN_EMPTY_BODY = YES;
				CLANG_WARN_ENUM_CONVERSION = YES;
				CLANG_WARN_INT_CONVERSION = YES;
				CLANG_WARN_OBJC_ROOT_CLASS = YES_ERROR;
				CLANG_WARN_UNREACHABLE_CODE = YES;
				CLANG_WARN__DUPLICATE_METHOD_MATCH = YES;
				"CODE_SIGN_IDENTITY[sdk=iphoneos*]" = "iPhone Developer";
				COPY_PHASE_STRIP = NO;
				DEBUG_INFORMATION_FORMAT = "dwarf-with-dsym";
				ENABLE_NS_ASSERTIONS = NO;
				ENABLE_STRICT_OBJC_MSGSEND = YES;
				GCC_C_LANGUAGE_STANDARD = gnu99;
				GCC_NO_COMMON_BLOCKS = YES;
				GCC_WARN_64_TO_32_BIT_CONVERSION = YES;
				GCC_WARN_ABOUT_RETURN_TYPE = YES_ERROR;
				GCC_WARN_UNDECLARED_SELECTOR = YES;
				GCC_WARN_UNINITIALIZED_AUTOS = YES_AGGRESSIVE;
				GCC_WARN_UNUSED_FUNCTION = YES;
				GCC_WARN_UNUSED_VARIABLE = YES;
				IPHONEOS_DEPLOYMENT_TARGET = 9.2;
				MTL_ENABLE_DEBUG_INFO = NO;
				SDKROOT = iphoneos;
				TARGETED_DEVICE_FAMILY = "1,2";
				VALIDATE_PRODUCT = YES;
			};
			name = Release;
		};
		BB1C25921DC0EA6D0028DB09 /* Debug */ = {
			isa = XCBuildConfiguration;
			buildSettings = {
				ASSETCATALOG_COMPILER_APPICON_NAME = AppIcon;
				INFOPLIST_FILE = Tools/Info.plist;
				LD_RUNPATH_SEARCH_PATHS = "$(inherited) @executable_path/Frameworks";
				PRODUCT_BUNDLE_IDENTIFIER = jigaofei.Tools;
				PRODUCT_NAME = "$(TARGET_NAME)";
			};
			name = Debug;
		};
		BB1C25931DC0EA6D0028DB09 /* Release */ = {
			isa = XCBuildConfiguration;
			buildSettings = {
				ASSETCATALOG_COMPILER_APPICON_NAME = AppIcon;
				INFOPLIST_FILE = Tools/Info.plist;
				LD_RUNPATH_SEARCH_PATHS = "$(inherited) @executable_path/Frameworks";
				PRODUCT_BUNDLE_IDENTIFIER = jigaofei.Tools;
				PRODUCT_NAME = "$(TARGET_NAME)";
			};
			name = Release;
		};
/* End XCBuildConfiguration section */

/* Begin XCConfigurationList section */
		BB1C25751DC0EA6D0028DB09 /* Build configuration list for PBXProject "Tools" */ = {
			isa = XCConfigurationList;
			buildConfigurations = (
				BB1C258F1DC0EA6D0028DB09 /* Debug */,
				BB1C25901DC0EA6D0028DB09 /* Release */,
			);
			defaultConfigurationIsVisible = 0;
			defaultConfigurationName = Release;
		};
		BB1C25911DC0EA6D0028DB09 /* Build configuration list for PBXNativeTarget "Tools" */ = {
			isa = XCConfigurationList;
			buildConfigurations = (
				BB1C25921DC0EA6D0028DB09 /* Debug */,
				BB1C25931DC0EA6D0028DB09 /* Release */,
			);
			defaultConfigurationIsVisible = 0;
		};
/* End XCConfigurationList section */
	};
	rootObject = BB1C25721DC0EA6D0028DB09 /* Project object */;
}
